
Microsoft Visual Studio Solution File, Format Version 12.00
# Visual Studio Version 16
VisualStudioVersion = 16.0.29519.181
MinimumVisualStudioVersion = 10.0.40219.1
Project("{9A19103F-16F7-4668-BE54-9A1E7A4F7556}") = "ApiPeliculas", "ApiPeliculas\ApiPeliculas.csproj", "{FB2F5A7C-10CB-423F-85F6-26CBF84B670B}"
EndProject
Project("{FAE04EC0-301F-11D3-BF4B-00C04F79EFBC}") = "PeliculasWeb", "PeliculasWeb\PeliculasWeb.csproj", "{46E3122B-9CCD-4EBC-ADEA-E8361B1BB960}"
EndProject
Global
	GlobalSection(SolutionConfigurationPlatforms) = preSolution
		Debug|Any CPU = Debug|Any CPU
		Release|Any CPU = Release|Any CPU
	EndGlobalSection
	GlobalSection(ProjectConfigurationPlatforms) = postSolution
		{FB2F5A7C-10CB-423F-85F6-26CBF84B670B}.Debug|Any CPU.ActiveCfg = Debug|Any CPU
		{FB2F5A7C-10CB-423F-85F6-26CBF84B670B}.Debug|Any CPU.Build.0 = Debug|Any CPU
		{FB2F5A7C-10CB-423F-85F6-26CBF84B670B}.Release|Any CPU.ActiveCfg = Release|Any CPU
		{FB2F5A7C-10CB-423F-85F6-26CBF84B670B}.Release|Any CPU.Build.0 = Release|Any CPU
		{46E3122B-9CCD-4EBC-ADEA-E8361B1BB960}.Debug|Any CPU.ActiveCfg = Debug|Any CPU
		{46E3122B-9CCD-4EBC-ADEA-E8361B1BB960}.Debug|Any CPU.Build.0 = Debug|Any CPU
		{46E3122B-9CCD-4EBC-ADEA-E8361B1BB960}.Release|Any CPU.ActiveCfg = Release|Any CPU
		{46E3122B-9CCD-4EBC-ADEA-E8361B1BB960}.Release|Any CPU.Build.0 = Release|Any CPU
	EndGlobalSection
	GlobalSection(SolutionProperties) = preSolution
		HideSolutionNode = FALSE
	EndGlobalSection
	GlobalSection(ExtensibilityGlobals) = postSolution
		SolutionGuid = {AFF73B3D-1BEE-4EC7-AC5C-3B3B94456196}
	EndGlobalSection
EndGlobal
